
Microsoft Visual Studio Solution File, Format Version 12.00
# Visual Studio 14
VisualStudioVersion = 14.0.25123.0
MinimumVisualStudioVersion = 10.0.40219.1
Project("{2150E333-8FDC-42A3-9474-1A3956D46DE8}") = "PlugIns", "PlugIns", "{6A36382B-14A7-44F9-BD2A-A243585F3A47}"
EndProject
Project("{FAE04EC0-301F-11D3-BF4B-00C04F79EFBC}") = "ArchBench.Core", "ArchBench.Core\ArchBench.Core.csproj", "{8EE617A8-43C7-44ED-B52A-DDCCD286A49C}"
EndProject
Project("{FAE04EC0-301F-11D3-BF4B-00C04F79EFBC}") = "ArchBench.Server", "ArchBench.Server\ArchBench.Server.csproj", "{6E27897A-D0AB-4F1F-92EF-F1079CF0416E}"
EndProject
Project("{FAE04EC0-301F-11D3-BF4B-00C04F79EFBC}") = "ArchBench.PlugIns.Login", "ArchBench.PlugIns.Login\ArchBench.PlugIns.Login.csproj", "{C58066ED-4912-44AD-9F49-AD098F249BB1}"
EndProject
Project("{FAE04EC0-301F-11D3-BF4B-00C04F79EFBC}") = "ArchBench.PlugIns.Dispatcher", "ArchBench.PlugIns.Dispatcher\ArchBench.PlugIns.Dispatcher.csproj", "{BF96D05C-5574-4258-9CF3-6D9102537795}"
EndProject
Project("{FAE04EC0-301F-11D3-BF4B-00C04F79EFBC}") = "ArchBench.PlugIns.Hello", "ArchBench.PlugIns.Hello\ArchBench.PlugIns.Hello.csproj", "{F89A3D4E-B759-4710-8B1C-DCF6CCED51B4}"
EndProject
Project("{FAE04EC0-301F-11D3-BF4B-00C04F79EFBC}") = "ArchBench.PlugIns.Amazon", "ArchBench.PlugIns.Amazon\ArchBench.PlugIns.Amazon.csproj", "{0BFB5753-E3C8-488C-A403-51AA5401F1B0}"
EndProject
Project("{FAE04EC0-301F-11D3-BF4B-00C04F79EFBC}") = "ArchBench.PlugIns.Broker", "ArchBench.PlugIns.Broker\ArchBench.PlugIns.Broker.csproj", "{80A3F30F-4121-4DE4-83DD-6F122FFC5F6E}"
EndProject
Project("{FAE04EC0-301F-11D3-BF4B-00C04F79EFBC}") = "ArchBench.PlugIns.Counter", "ArchBench.PlugIns.Counter\ArchBench.PlugIns.Counter.csproj", "{45CE7DED-1BB3-4C10-84DC-92D1A546A1CC}"
EndProject
Project("{FAE04EC0-301F-11D3-BF4B-00C04F79EFBC}") = "ArchBench.PlugIns.Forwarder", "ArchBench.PlugIns.Forwarder\ArchBench.PlugIns.Forwarder.csproj", "{0095143F-80D8-4D8C-BE7F-D5EA5756E6B5}"
EndProject
Project("{FAE04EC0-301F-11D3-BF4B-00C04F79EFBC}") = "ArchBench.PlugIns.Logger", "ArchBench.PlugIns.Logger\ArchBench.PlugIns.Logger.csproj", "{D68276A3-A06A-42B8-8D84-1DF4F39ECFBD}"
EndProject
Project("{FAE04EC0-301F-11D3-BF4B-00C04F79EFBC}") = "ArchBench.PlugIns.Store", "ArchBench.PlugIns.Store\ArchBench.PlugIns.Store.csproj", "{D4525845-3EB9-4907-BBEF-306801EBAA60}"
EndProject
Project("{FAE04EC0-301F-11D3-BF4B-00C04F79EFBC}") = "ArchBench.PlugIns.Logout", "ArchBench.PlugIns.Logout\ArchBench.PlugIns.Logout.csproj", "{9A6EBEF5-64FE-45E1-A9C1-2A5CD66C6577}"
EndProject
Project("{FAE04EC0-301F-11D3-BF4B-00C04F79EFBC}") = "ArchBench.PlugIns.Events", "ArchBench.PlugIns.Events\ArchBench.PlugIns.Events.csproj", "{062CCD91-3259-402D-9EDA-A8A6FAF74C21}"
EndProject
Global
	GlobalSection(SolutionConfigurationPlatforms) = preSolution
		Debug|Any CPU = Debug|Any CPU
		Release|Any CPU = Release|Any CPU
	EndGlobalSection
	GlobalSection(ProjectConfigurationPlatforms) = postSolution
		{8EE617A8-43C7-44ED-B52A-DDCCD286A49C}.Debug|Any CPU.ActiveCfg = Debug|Any CPU
		{8EE617A8-43C7-44ED-B52A-DDCCD286A49C}.Debug|Any CPU.Build.0 = Debug|Any CPU
		{8EE617A8-43C7-44ED-B52A-DDCCD286A49C}.Release|Any CPU.ActiveCfg = Release|Any CPU
		{8EE617A8-43C7-44ED-B52A-DDCCD286A49C}.Release|Any CPU.Build.0 = Release|Any CPU
		{6E27897A-D0AB-4F1F-92EF-F1079CF0416E}.Debug|Any CPU.ActiveCfg = Debug|Any CPU
		{6E27897A-D0AB-4F1F-92EF-F1079CF0416E}.Debug|Any CPU.Build.0 = Debug|Any CPU
		{6E27897A-D0AB-4F1F-92EF-F1079CF0416E}.Release|Any CPU.ActiveCfg = Release|Any CPU
		{6E27897A-D0AB-4F1F-92EF-F1079CF0416E}.Release|Any CPU.Build.0 = Release|Any CPU
		{C58066ED-4912-44AD-9F49-AD098F249BB1}.Debug|Any CPU.ActiveCfg = Debug|Any CPU
		{C58066ED-4912-44AD-9F49-AD098F249BB1}.Debug|Any CPU.Build.0 = Debug|Any CPU
		{C58066ED-4912-44AD-9F49-AD098F249BB1}.Release|Any CPU.ActiveCfg = Release|Any CPU
		{C58066ED-4912-44AD-9F49-AD098F249BB1}.Release|Any CPU.Build.0 = Release|Any CPU
		{BF96D05C-5574-4258-9CF3-6D9102537795}.Debug|Any CPU.ActiveCfg = Debug|Any CPU
		{BF96D05C-5574-4258-9CF3-6D9102537795}.Debug|Any CPU.Build.0 = Debug|Any CPU
		{BF96D05C-5574-4258-9CF3-6D9102537795}.Release|Any CPU.ActiveCfg = Release|Any CPU
		{BF96D05C-5574-4258-9CF3-6D9102537795}.Release|Any CPU.Build.0 = Release|Any CPU
		{F89A3D4E-B759-4710-8B1C-DCF6CCED51B4}.Debug|Any CPU.ActiveCfg = Debug|Any CPU
		{F89A3D4E-B759-4710-8B1C-DCF6CCED51B4}.Debug|Any CPU.Build.0 = Debug|Any CPU
		{F89A3D4E-B759-4710-8B1C-DCF6CCED51B4}.Release|Any CPU.ActiveCfg = Release|Any CPU
		{F89A3D4E-B759-4710-8B1C-DCF6CCED51B4}.Release|Any CPU.Build.0 = Release|Any CPU
		{0BFB5753-E3C8-488C-A403-51AA5401F1B0}.Debug|Any CPU.ActiveCfg = Debug|Any CPU
		{0BFB5753-E3C8-488C-A403-51AA5401F1B0}.Debug|Any CPU.Build.0 = Debug|Any CPU
		{0BFB5753-E3C8-488C-A403-51AA5401F1B0}.Release|Any CPU.ActiveCfg = Release|Any CPU
		{0BFB5753-E3C8-488C-A403-51AA5401F1B0}.Release|Any CPU.Build.0 = Release|Any CPU
		{80A3F30F-4121-4DE4-83DD-6F122FFC5F6E}.Debug|Any CPU.ActiveCfg = Debug|Any CPU
		{80A3F30F-4121-4DE4-83DD-6F122FFC5F6E}.Debug|Any CPU.Build.0 = Debug|Any CPU
		{80A3F30F-4121-4DE4-83DD-6F122FFC5F6E}.Release|Any CPU.ActiveCfg = Release|Any CPU
		{80A3F30F-4121-4DE4-83DD-6F122FFC5F6E}.Release|Any CPU.Build.0 = Release|Any CPU
		{45CE7DED-1BB3-4C10-84DC-92D1A546A1CC}.Debug|Any CPU.ActiveCfg = Debug|Any CPU
		{45CE7DED-1BB3-4C10-84DC-92D1A546A1CC}.Debug|Any CPU.Build.0 = Debug|Any CPU
		{45CE7DED-1BB3-4C10-84DC-92D1A546A1CC}.Release|Any CPU.ActiveCfg = Release|Any CPU
		{45CE7DED-1BB3-4C10-84DC-92D1A546A1CC}.Release|Any CPU.Build.0 = Release|Any CPU
		{0095143F-80D8-4D8C-BE7F-D5EA5756E6B5}.Debug|Any CPU.ActiveCfg = Debug|Any CPU
		{0095143F-80D8-4D8C-BE7F-D5EA5756E6B5}.Debug|Any CPU.Build.0 = Debug|Any CPU
		{0095143F-80D8-4D8C-BE7F-D5EA5756E6B5}.Release|Any CPU.ActiveCfg = Release|Any CPU
		{0095143F-80D8-4D8C-BE7F-D5EA5756E6B5}.Release|Any CPU.Build.0 = Release|Any CPU
		{D68276A3-A06A-42B8-8D84-1DF4F39ECFBD}.Debug|Any CPU.ActiveCfg = Debug|Any CPU
		{D68276A3-A06A-42B8-8D84-1DF4F39ECFBD}.Debug|Any CPU.Build.0 = Debug|Any CPU
		{D68276A3-A06A-42B8-8D84-1DF4F39ECFBD}.Release|Any CPU.ActiveCfg = Release|Any CPU
		{D68276A3-A06A-42B8-8D84-1DF4F39ECFBD}.Release|Any CPU.Build.0 = Release|Any CPU
		{D4525845-3EB9-4907-BBEF-306801EBAA60}.Debug|Any CPU.ActiveCfg = Debug|Any CPU
		{D4525845-3EB9-4907-BBEF-306801EBAA60}.Debug|Any CPU.Build.0 = Debug|Any CPU
		{D4525845-3EB9-4907-BBEF-306801EBAA60}.Release|Any CPU.ActiveCfg = Release|Any CPU
		{D4525845-3EB9-4907-BBEF-306801EBAA60}.Release|Any CPU.Build.0 = Release|Any CPU
		{9A6EBEF5-64FE-45E1-A9C1-2A5CD66C6577}.Debug|Any CPU.ActiveCfg = Debug|Any CPU
		{9A6EBEF5-64FE-45E1-A9C1-2A5CD66C6577}.Debug|Any CPU.Build.0 = Debug|Any CPU
		{9A6EBEF5-64FE-45E1-A9C1-2A5CD66C6577}.Release|Any CPU.ActiveCfg = Release|Any CPU
		{9A6EBEF5-64FE-45E1-A9C1-2A5CD66C6577}.Release|Any CPU.Build.0 = Release|Any CPU
		{062CCD91-3259-402D-9EDA-A8A6FAF74C21}.Debug|Any CPU.ActiveCfg = Debug|Any CPU
		{062CCD91-3259-402D-9EDA-A8A6FAF74C21}.Debug|Any CPU.Build.0 = Debug|Any CPU
		{062CCD91-3259-402D-9EDA-A8A6FAF74C21}.Release|Any CPU.ActiveCfg = Release|Any CPU
		{062CCD91-3259-402D-9EDA-A8A6FAF74C21}.Release|Any CPU.Build.0 = Release|Any CPU
	EndGlobalSection
	GlobalSection(SolutionProperties) = preSolution
		HideSolutionNode = FALSE
	EndGlobalSection
	GlobalSection(NestedProjects) = preSolution
		{C58066ED-4912-44AD-9F49-AD098F249BB1} = {6A36382B-14A7-44F9-BD2A-A243585F3A47}
		{BF96D05C-5574-4258-9CF3-6D9102537795} = {6A36382B-14A7-44F9-BD2A-A243585F3A47}
		{F89A3D4E-B759-4710-8B1C-DCF6CCED51B4} = {6A36382B-14A7-44F9-BD2A-A243585F3A47}
		{0BFB5753-E3C8-488C-A403-51AA5401F1B0} = {6A36382B-14A7-44F9-BD2A-A243585F3A47}
		{80A3F30F-4121-4DE4-83DD-6F122FFC5F6E} = {6A36382B-14A7-44F9-BD2A-A243585F3A47}
		{45CE7DED-1BB3-4C10-84DC-92D1A546A1CC} = {6A36382B-14A7-44F9-BD2A-A243585F3A47}
		{0095143F-80D8-4D8C-BE7F-D5EA5756E6B5} = {6A36382B-14A7-44F9-BD2A-A243585F3A47}
		{D68276A3-A06A-42B8-8D84-1DF4F39ECFBD} = {6A36382B-14A7-44F9-BD2A-A243585F3A47}
		{D4525845-3EB9-4907-BBEF-306801EBAA60} = {6A36382B-14A7-44F9-BD2A-A243585F3A47}
		{9A6EBEF5-64FE-45E1-A9C1-2A5CD66C6577} = {6A36382B-14A7-44F9-BD2A-A243585F3A47}
		{062CCD91-3259-402D-9EDA-A8A6FAF74C21} = {6A36382B-14A7-44F9-BD2A-A243585F3A47}
	EndGlobalSection
EndGlobal
